
Microsoft Visual Studio Solution File, Format Version 12.00
# Visual Studio 15
VisualStudioVersion = 15.0.28307.329
MinimumVisualStudioVersion = 10.0.40219.1
Project("{FAE04EC0-301F-11D3-BF4B-00C04F79EFBC}") = "UploadFileMVC", "UploadFileMVC\UploadFileMVC.csproj", "{A2F196E4-2F3D-4B5D-BC2E-F78D166DDDAF}"
EndProject
Global
	GlobalSection(SolutionConfigurationPlatforms) = preSolution
		Debug|Any CPU = Debug|Any CPU
		Release|Any CPU = Release|Any CPU
	EndGlobalSection
	GlobalSection(ProjectConfigurationPlatforms) = postSolution
		{A2F196E4-2F3D-4B5D-BC2E-F78D166DDDAF}.Debug|Any CPU.ActiveCfg = Debug|Any CPU
		{A2F196E4-2F3D-4B5D-BC2E-F78D166DDDAF}.Debug|Any CPU.Build.0 = Debug|Any CPU
		{A2F196E4-2F3D-4B5D-BC2E-F78D166DDDAF}.Release|Any CPU.ActiveCfg = Release|Any CPU
		{A2F196E4-2F3D-4B5D-BC2E-F78D166DDDAF}.Release|Any CPU.Build.0 = Release|Any CPU
	EndGlobalSection
	GlobalSection(SolutionProperties) = preSolution
		HideSolutionNode = FALSE
	EndGlobalSection
	GlobalSection(ExtensibilityGlobals) = postSolution
		SolutionGuid = {5E65C057-8FC2-40F2-A1EE-E6BA5F47A84D}
	EndGlobalSection
EndGlobal
